// !$*UTF8*$!
{
	archiveVersion = 1;
	classes = {
	};
	objectVersion = 51;
	objects = {

/* Begin PBXBuildFile section */
		6F121EDE246609E4002C3536 /* AppDelegate.swift in Sources */ = {isa = PBXBuildFile; fileRef = 6F121EDD246609E4002C3536 /* AppDelegate.swift */; };
		6F121EE0246609E4002C3536 /* SceneDelegate.swift in Sources */ = {isa = PBXBuildFile; fileRef = 6F121EDF246609E4002C3536 /* SceneDelegate.swift */; };
		6F121EE5246609E4002C3536 /* Main.storyboard in Resources */ = {isa = PBXBuildFile; fileRef = 6F121EE3246609E4002C3536 /* Main.storyboard */; };
		6F121EE7246609E6002C3536 /* Assets.xcassets in Resources */ = {isa = PBXBuildFile; fileRef = 6F121EE6246609E6002C3536 /* Assets.xcassets */; };
		6F121EEA246609E6002C3536 /* LaunchScreen.storyboard in Resources */ = {isa = PBXBuildFile; fileRef = 6F121EE8246609E6002C3536 /* LaunchScreen.storyboard */; };
		6F121EF224660A10002C3536 /* LabTableViewController.swift in Sources */ = {isa = PBXBuildFile; fileRef = 6F121EF124660A10002C3536 /* LabTableViewController.swift */; };
		6F121EF724660E82002C3536 /* Lab.swift in Sources */ = {isa = PBXBuildFile; fileRef = 6F121EF624660E82002C3536 /* Lab.swift */; };
		6F121EF9246610D0002C3536 /* AddViewController.swift in Sources */ = {isa = PBXBuildFile; fileRef = 6F121EF8246610D0002C3536 /* AddViewController.swift */; };
		6FEB9C8024666EA800DDB6ED /* LoginViewController.swift in Sources */ = {isa = PBXBuildFile; fileRef = 6FEB9C7F24666EA800DDB6ED /* LoginViewController.swift */; };
		F952D1B84C1C6B22F4135A09 /* Pods_Lab.framework in Frameworks */ = {isa = PBXBuildFile; fileRef = 1B949A8CE2D9253CFD21C2CF /* Pods_Lab.framework */; };
/* End PBXBuildFile section */

/* Begin PBXFileReference section */
		1B949A8CE2D9253CFD21C2CF /* Pods_Lab.framework */ = {isa = PBXFileReference; explicitFileType = wrapper.framework; includeInIndex = 0; path = Pods_Lab.framework; sourceTree = BUILT_PRODUCTS_DIR; };
		2FE92911D3127F1BEA0E2E76 /* Pods-Lab.release.xcconfig */ = {isa = PBXFileReference; includeInIndex = 1; lastKnownFileType = text.xcconfig; name = "Pods-Lab.release.xcconfig"; path = "Target Support Files/Pods-Lab/Pods-Lab.release.xcconfig"; sourceTree = "<group>"; };
		6F121EDA246609E4002C3536 /* Lab.app */ = {isa = PBXFileReference; explicitFileType = wrapper.application; includeInIndex = 0; path = Lab.app; sourceTree = BUILT_PRODUCTS_DIR; };
		6F121EDD246609E4002C3536 /* AppDelegate.swift */ = {isa = PBXFileReference; lastKnownFileType = sourcecode.swift; path = AppDelegate.swift; sourceTree = "<group>"; };
		6F121EDF246609E4002C3536 /* SceneDelegate.swift */ = {isa = PBXFileReference; lastKnownFileType = sourcecode.swift; path = SceneDelegate.swift; sourceTree = "<group>"; };
		6F121EE4246609E4002C3536 /* Base */ = {isa = PBXFileReference; lastKnownFileType = file.storyboard; name = Base; path = Base.lproj/Main.storyboard; sourceTree = "<group>"; };
		6F121EE6246609E6002C3536 /* Assets.xcassets */ = {isa = PBXFileReference; lastKnownFileType = folder.assetcatalog; path = Assets.xcassets; sourceTree = "<group>"; };
		6F121EE9246609E6002C3536 /* Base */ = {isa = PBXFileReference; lastKnownFileType = file.storyboard; name = Base; path = Base.lproj/LaunchScreen.storyboard; sourceTree = "<group>"; };
		6F121EEB246609E6002C3536 /* Info.plist */ = {isa = PBXFileReference; lastKnownFileType = text.plist.xml; path = Info.plist; sourceTree = "<group>"; };
		6F121EF124660A10002C3536 /* LabTableViewController.swift */ = {isa = PBXFileReference; lastKnownFileType = sourcecode.swift; path = LabTableViewController.swift; sourceTree = "<group>"; };
		6F121EF624660E82002C3536 /* Lab.swift */ = {isa = PBXFileReference; lastKnownFileType = sourcecode.swift; path = Lab.swift; sourceTree = "<group>"; };
		6F121EF8246610D0002C3536 /* AddViewController.swift */ = {isa = PBXFileReference; lastKnownFileType = sourcecode.swift; path = AddViewController.swift; sourceTree = "<group>"; };
		6FEB9C7F24666EA800DDB6ED /* LoginViewController.swift */ = {isa = PBXFileReference; lastKnownFileType = sourcecode.swift; path = LoginViewController.swift; sourceTree = "<group>"; };
		809885FE3A993494EF064943 /* Pods-Lab.debug.xcconfig */ = {isa = PBXFileReference; includeInIndex = 1; lastKnownFileType = text.xcconfig; name = "Pods-Lab.debug.xcconfig"; path = "Target Support Files/Pods-Lab/Pods-Lab.debug.xcconfig"; sourceTree = "<group>"; };
/* End PBXFileReference section */

/* Begin PBXFrameworksBuildPhase section */
		6F121ED7246609E4002C3536 /* Frameworks */ = {
			isa = PBXFrameworksBuildPhase;
			buildActionMask = 2147483647;
			files = (
				F952D1B84C1C6B22F4135A09 /* Pods_Lab.framework in Frameworks */,
			);
			runOnlyForDeploymentPostprocessing = 0;
		};
/* End PBXFrameworksBuildPhase section */

/* Begin PBXGroup section */
		3029C39CD18CC740FEB4C2A8 /* Pods */ = {
			isa = PBXGroup;
			children = (
				809885FE3A993494EF064943 /* Pods-Lab.debug.xcconfig */,
				2FE92911D3127F1BEA0E2E76 /* Pods-Lab.release.xcconfig */,
			);
			path = Pods;
			sourceTree = "<group>";
		};
		6F121ED1246609E4002C3536 = {
			isa = PBXGroup;
			children = (
				6F121EDC246609E4002C3536 /* Lab */,
				6F121EDB246609E4002C3536 /* Products */,
				3029C39CD18CC740FEB4C2A8 /* Pods */,
				F15B6DD8D117BCDDA27DB5DF /* Frameworks */,
			);
			sourceTree = "<group>";
		};
		6F121EDB246609E4002C3536 /* Products */ = {
			isa = PBXGroup;
			children = (
				6F121EDA246609E4002C3536 /* Lab.app */,
			);
			name = Products;
			sourceTree = "<group>";
		};
		6F121EDC246609E4002C3536 /* Lab */ = {
			isa = PBXGroup;
			children = (
				6F121EF524660E70002C3536 /* ViewControllers */,
				6F121EF424660E64002C3536 /* Views */,
				6F121EF324660E5D002C3536 /* Models */,
				6F121EDD246609E4002C3536 /* AppDelegate.swift */,
				6F121EDF246609E4002C3536 /* SceneDelegate.swift */,
				6F121EE6246609E6002C3536 /* Assets.xcassets */,
				6F121EEB246609E6002C3536 /* Info.plist */,
			);
			path = Lab;
			sourceTree = "<group>";
		};
		6F121EF324660E5D002C3536 /* Models */ = {
			isa = PBXGroup;
			children = (
				6F121EF624660E82002C3536 /* Lab.swift */,
			);
			path = Models;
			sourceTree = "<group>";
		};
		6F121EF424660E64002C3536 /* Views */ = {
			isa = PBXGroup;
			children = (
				6F121EE3246609E4002C3536 /* Main.storyboard */,
				6F121EE8246609E6002C3536 /* LaunchScreen.storyboard */,
			);
			path = Views;
			sourceTree = "<group>";
		};
		6F121EF524660E70002C3536 /* ViewControllers */ = {
			isa = PBXGroup;
			children = (
				6F121EF124660A10002C3536 /* LabTableViewController.swift */,
				6F121EF8246610D0002C3536 /* AddViewController.swift */,
				6FEB9C7F24666EA800DDB6ED /* LoginViewController.swift */,
			);
			path = ViewControllers;
			sourceTree = "<group>";
		};
		F15B6DD8D117BCDDA27DB5DF /* Frameworks */ = {
			isa = PBXGroup;
			children = (
				1B949A8CE2D9253CFD21C2CF /* Pods_Lab.framework */,
			);
			name = Frameworks;
			sourceTree = "<group>";
		};
/* End PBXGroup section */

/* Begin PBXNativeTarget section */
		6F121ED9246609E4002C3536 /* Lab */ = {
			isa = PBXNativeTarget;
			buildConfigurationList = 6F121EEE246609E6002C3536 /* Build configuration list for PBXNativeTarget "Lab" */;
			buildPhases = (
				CD6536AD8E9FEC81F689696D /* [CP] Check Pods Manifest.lock */,
				6F121ED6246609E4002C3536 /* Sources */,
				6F121ED7246609E4002C3536 /* Frameworks */,
				6F121ED8246609E4002C3536 /* Resources */,
				BF3AACB90CB5A7BF0761AA36 /* [CP] Embed Pods Frameworks */,
			);
			buildRules = (
			);
			dependencies = (
			);
			name = Lab;
			productName = Lab;
			productReference = 6F121EDA246609E4002C3536 /* Lab.app */;
			productType = "com.apple.product-type.application";
		};
/* End PBXNativeTarget section */

/* Begin PBXProject section */
		6F121ED2246609E4002C3536 /* Project object */ = {
			isa = PBXProject;
			attributes = {
				LastSwiftUpdateCheck = 1140;
				LastUpgradeCheck = 1140;
				ORGANIZATIONNAME = "Utsav Dave";
				TargetAttributes = {
					6F121ED9246609E4002C3536 = {
						CreatedOnToolsVersion = 11.4.1;
					};
				};
			};
			buildConfigurationList = 6F121ED5246609E4002C3536 /* Build configuration list for PBXProject "Lab" */;
			compatibilityVersion = "Xcode 9.3";
			developmentRegion = en;
			hasScannedForEncodings = 0;
			knownRegions = (
				en,
				Base,
			);
			mainGroup = 6F121ED1246609E4002C3536;
			productRefGroup = 6F121EDB246609E4002C3536 /* Products */;
			projectDirPath = "";
			projectRoot = "";
			targets = (
				6F121ED9246609E4002C3536 /* Lab */,
			);
		};
/* End PBXProject section */

/* Begin PBXResourcesBuildPhase section */
		6F121ED8246609E4002C3536 /* Resources */ = {
			isa = PBXResourcesBuildPhase;
			buildActionMask = 2147483647;
			files = (
				6F121EEA246609E6002C3536 /* LaunchScreen.storyboard in Resources */,
				6F121EE7246609E6002C3536 /* Assets.xcassets in Resources */,
				6F121EE5246609E4002C3536 /* Main.storyboard in Resources */,
			);
			runOnlyForDeploymentPostprocessing = 0;
		};
/* End PBXResourcesBuildPhase section */

/* Begin PBXShellScriptBuildPhase section */
		BF3AACB90CB5A7BF0761AA36 /* [CP] Embed Pods Frameworks */ = {
			isa = PBXShellScriptBuildPhase;
			buildActionMask = 2147483647;
			files = (
			);
			inputFileListPaths = (
				"${PODS_ROOT}/Target Support Files/Pods-Lab/Pods-Lab-frameworks-${CONFIGURATION}-input-files.xcfilelist",
			);
			name = "[CP] Embed Pods Frameworks";
			outputFileListPaths = (
				"${PODS_ROOT}/Target Support Files/Pods-Lab/Pods-Lab-frameworks-${CONFIGURATION}-output-files.xcfilelist",
			);
			runOnlyForDeploymentPostprocessing = 0;
			shellPath = /bin/sh;
			shellScript = "\"${PODS_ROOT}/Target Support Files/Pods-Lab/Pods-Lab-frameworks.sh\"\n";
			showEnvVarsInLog = 0;
		};
		CD6536AD8E9FEC81F689696D /* [CP] Check Pods Manifest.lock */ = {
			isa = PBXShellScriptBuildPhase;
			buildActionMask = 2147483647;
			files = (
			);
			inputFileListPaths = (
			);
			inputPaths = (
				"${PODS_PODFILE_DIR_PATH}/Podfile.lock",
				"${PODS_ROOT}/Manifest.lock",
			);
			name = "[CP] Check Pods Manifest.lock";
			outputFileListPaths = (
			);
			outputPaths = (
				"$(DERIVED_FILE_DIR)/Pods-Lab-checkManifestLockResult.txt",
			);
			runOnlyForDeploymentPostprocessing = 0;
			shellPath = /bin/sh;
			shellScript = "diff \"${PODS_PODFILE_DIR_PATH}/Podfile.lock\" \"${PODS_ROOT}/Manifest.lock\" > /dev/null\nif [ $? != 0 ] ; then\n    # print error to STDERR\n    echo \"error: The sandbox is not in sync with the Podfile.lock. Run 'pod install' or update your CocoaPods installation.\" >&2\n    exit 1\nfi\n# This output is used by Xcode 'outputs' to avoid re-running this script phase.\necho \"SUCCESS\" > \"${SCRIPT_OUTPUT_FILE_0}\"\n";
			showEnvVarsInLog = 0;
		};
/* End PBXShellScriptBuildPhase section */

/* Begin PBXSourcesBuildPhase section */
		6F121ED6246609E4002C3536 /* Sources */ = {
			isa = PBXSourcesBuildPhase;
			buildActionMask = 2147483647;
			files = (
				6FEB9C8024666EA800DDB6ED /* LoginViewController.swift in Sources */,
				6F121EF224660A10002C3536 /* LabTableViewController.swift in Sources */,
				6F121EDE246609E4002C3536 /* AppDelegate.swift in Sources */,
				6F121EE0246609E4002C3536 /* SceneDelegate.swift in Sources */,
				6F121EF724660E82002C3536 /* Lab.swift in Sources */,
				6F121EF9246610D0002C3536 /* AddViewController.swift in Sources */,
			);
			runOnlyForDeploymentPostprocessing = 0;
		};
/* End PBXSourcesBuildPhase section */

/* Begin PBXVariantGroup section */
		6F121EE3246609E4002C3536 /* Main.storyboard */ = {
			isa = PBXVariantGroup;
			children = (
				6F121EE4246609E4002C3536 /* Base */,
			);
			name = Main.storyboard;
			sourceTree = "<group>";
		};
		6F121EE8246609E6002C3536 /* LaunchScreen.storyboard */ = {
			isa = PBXVariantGroup;
			children = (
				6F121EE9246609E6002C3536 /* Base */,
			);
			name = LaunchScreen.storyboard;
			sourceTree = "<group>";
		};
/* End PBXVariantGroup section */

/* Begin XCBuildConfiguration section */
		6F121EEC246609E6002C3536 /* Debug */ = {
			isa = XCBuildConfiguration;
			buildSettings = {
				ALWAYS_SEARCH_USER_PATHS = NO;
				CLANG_ANALYZER_NONNULL = YES;
				CLANG_ANALYZER_NUMBER_OBJECT_CONVERSION = YES_AGGRESSIVE;
				CLANG_CXX_LANGUAGE_STANDARD = "gnu++14";
				CLANG_CXX_LIBRARY = "libc++";
				CLANG_ENABLE_MODULES = YES;
				CLANG_ENABLE_OBJC_ARC = YES;
				CLANG_ENABLE_OBJC_WEAK = YES;
				CLANG_WARN_BLOCK_CAPTURE_AUTORELEASING = YES;
				CLANG_WARN_BOOL_CONVERSION = YES;
				CLANG_WARN_COMMA = YES;
				CLANG_WARN_CONSTANT_CONVERSION = YES;
				CLANG_WARN_DEPRECATED_OBJC_IMPLEMENTATIONS = YES;
				CLANG_WARN_DIRECT_OBJC_ISA_USAGE = YES_ERROR;
				CLANG_WARN_DOCUMENTATION_COMMENTS = YES;
				CLANG_WARN_EMPTY_BODY = YES;
				CLANG_WARN_ENUM_CONVERSION = YES;
				CLANG_WARN_INFINITE_RECURSION = YES;
				CLANG_WARN_INT_CONVERSION = YES;
				CLANG_WARN_NON_LITERAL_NULL_CONVERSION = YES;
				CLANG_WARN_OBJC_IMPLICIT_RETAIN_SELF = YES;
				CLANG_WARN_OBJC_LITERAL_CONVERSION = YES;
				CLANG_WARN_OBJC_ROOT_CLASS = YES_ERROR;
				CLANG_WARN_RANGE_LOOP_ANALYSIS = YES;
				CLANG_WARN_STRICT_PROTOTYPES = YES;
				CLANG_WARN_SUSPICIOUS_MOVE = YES;
				CLANG_WARN_UNGUARDED_AVAILABILITY = YES_AGGRESSIVE;
				CLANG_WARN_UNREACHABLE_CODE = YES;
				CLANG_WARN__DUPLICATE_METHOD_MATCH = YES;
				COPY_PHASE_STRIP = NO;
				DEBUG_INFORMATION_FORMAT = dwarf;
				ENABLE_STRICT_OBJC_MSGSEND = YES;
				ENABLE_TESTABILITY = YES;
				GCC_C_LANGUAGE_STANDARD = gnu11;
				GCC_DYNAMIC_NO_PIC = NO;
				GCC_NO_COMMON_BLOCKS = YES;
				GCC_OPTIMIZATION_LEVEL = 0;
				GCC_PREPROCESSOR_DEFINITIONS = (
					"DEBUG=1",
					"$(inherited)",
				);
				GCC_WARN_64_TO_32_BIT_CONVERSION = YES;
				GCC_WARN_ABOUT_RETURN_TYPE = YES_ERROR;
				GCC_WARN_UNDECLARED_SELECTOR = YES;
				GCC_WARN_UNINITIALIZED_AUTOS = YES_AGGRESSIVE;
				GCC_WARN_UNUSED_FUNCTION = YES;
				GCC_WARN_UNUSED_VARIABLE = YES;
				IPHONEOS_DEPLOYMENT_TARGET = 13.4;
				MTL_ENABLE_DEBUG_INFO = INCLUDE_SOURCE;
				MTL_FAST_MATH = YES;
				ONLY_ACTIVE_ARCH = YES;
				SDKROOT = iphoneos;
				SWIFT_ACTIVE_COMPILATION_CONDITIONS = DEBUG;
				SWIFT_OPTIMIZATION_LEVEL = "-Onone";
			};
			name = Debug;
		};
		6F121EED246609E6002C3536 /* Release */ = {
			isa = XCBuildConfiguration;
			buildSettings = {
				ALWAYS_SEARCH_USER_PATHS = NO;
				CLANG_ANALYZER_NONNULL = YES;
				CLANG_ANALYZER_NUMBER_OBJECT_CONVERSION = YES_AGGRESSIVE;
				CLANG_CXX_LANGUAGE_STANDARD = "gnu++14";
				CLANG_CXX_LIBRARY = "libc++";
				CLANG_ENABLE_MODULES = YES;
				CLANG_ENABLE_OBJC_ARC = YES;
				CLANG_ENABLE_OBJC_WEAK = YES;
				CLANG_WARN_BLOCK_CAPTURE_AUTORELEASING = YES;
				CLANG_WARN_BOOL_CONVERSION = YES;
				CLANG_WARN_COMMA = YES;
				CLANG_WARN_CONSTANT_CONVERSION = YES;
				CLANG_WARN_DEPRECATED_OBJC_IMPLEMENTATIONS = YES;
				CLANG_WARN_DIRECT_OBJC_ISA_USAGE = YES_ERROR;
				CLANG_WARN_DOCUMENTATION_COMMENTS = YES;
				CLANG_WARN_EMPTY_BODY = YES;
				CLANG_WARN_ENUM_CONVERSION = YES;
				CLANG_WARN_INFINITE_RECURSION = YES;
				CLANG_WARN_INT_CONVERSION = YES;
				CLANG_WARN_NON_LITERAL_NULL_CONVERSION = YES;
				CLANG_WARN_OBJC_IMPLICIT_RETAIN_SELF = YES;
				CLANG_WARN_OBJC_LITERAL_CONVERSION = YES;
				CLANG_WARN_OBJC_ROOT_CLASS = YES_ERROR;
				CLANG_WARN_RANGE_LOOP_ANALYSIS = YES;
				CLANG_WARN_STRICT_PROTOTYPES = YES;
				CLANG_WARN_SUSPICIOUS_MOVE = YES;
				CLANG_WARN_UNGUARDED_AVAILABILITY = YES_AGGRESSIVE;
				CLANG_WARN_UNREACHABLE_CODE = YES;
				CLANG_WARN__DUPLICATE_METHOD_MATCH = YES;
				COPY_PHASE_STRIP = NO;
				DEBUG_INFORMATION_FORMAT = "dwarf-with-dsym";
				ENABLE_NS_ASSERTIONS = NO;
				ENABLE_STRICT_OBJC_MSGSEND = YES;
				GCC_C_LANGUAGE_STANDARD = gnu11;
				GCC_NO_COMMON_BLOCKS = YES;
				GCC_WARN_64_TO_32_BIT_CONVERSION = YES;
				GCC_WARN_ABOUT_RETURN_TYPE = YES_ERROR;
				GCC_WARN_UNDECLARED_SELECTOR = YES;
				GCC_WARN_UNINITIALIZED_AUTOS = YES_AGGRESSIVE;
				GCC_WARN_UNUSED_FUNCTION = YES;
				GCC_WARN_UNUSED_VARIABLE = YES;
				IPHONEOS_DEPLOYMENT_TARGET = 13.4;
				MTL_ENABLE_DEBUG_INFO = NO;
				MTL_FAST_MATH = YES;
				SDKROOT = iphoneos;
				SWIFT_COMPILATION_MODE = wholemodule;
				SWIFT_OPTIMIZATION_LEVEL = "-O";
				VALIDATE_PRODUCT = YES;
			};
			name = Release;
		};
		6F121EEF246609E6002C3536 /* Debug */ = {
			isa = XCBuildConfiguration;
			baseConfigurationReference = 809885FE3A993494EF064943 /* Pods-Lab.debug.xcconfig */;
			buildSettings = {
				ASSETCATALOG_COMPILER_APPICON_NAME = AppIcon;
				CODE_SIGN_STYLE = Automatic;
				DEVELOPMENT_TEAM = 5TQX3KZ655;
				INFOPLIST_FILE = Lab/Info.plist;
				LD_RUNPATH_SEARCH_PATHS = (
					"$(inherited)",
					"@executable_path/Frameworks",
				);
				PRODUCT_BUNDLE_IDENTIFIER = ca.utsavdave.Lab;
				PRODUCT_NAME = "$(TARGET_NAME)";
				SWIFT_VERSION = 5.0;
				TARGETED_DEVICE_FAMILY = "1,2";
			};
			name = Debug;
		};
		6F121EF0246609E6002C3536 /* Release */ = {
			isa = XCBuildConfiguration;
			baseConfigurationReference = 2FE92911D3127F1BEA0E2E76 /* Pods-Lab.release.xcconfig */;
			buildSettings = {
				ASSETCATALOG_COMPILER_APPICON_NAME = AppIcon;
				CODE_SIGN_STYLE = Automatic;
				DEVELOPMENT_TEAM = 5TQX3KZ655;
				INFOPLIST_FILE = Lab/Info.plist;
				LD_RUNPATH_SEARCH_PATHS = (
					"$(inherited)",
					"@executable_path/Frameworks",
				);
				PRODUCT_BUNDLE_IDENTIFIER = ca.utsavdave.Lab;
				PRODUCT_NAME = "$(TARGET_NAME)";
				SWIFT_VERSION = 5.0;
				TARGETED_DEVICE_FAMILY = "1,2";
			};
			name = Release;
		};
/* End XCBuildConfiguration section */

/* Begin XCConfigurationList section */
		6F121ED5246609E4002C3536 /* Build configuration list for PBXProject "Lab" */ = {
			isa = XCConfigurationList;
			buildConfigurations = (
				6F121EEC246609E6002C3536 /* Debug */,
				6F121EED246609E6002C3536 /* Release */,
			);
			defaultConfigurationIsVisible = 0;
			defaultConfigurationName = Release;
		};
		6F121EEE246609E6002C3536 /* Build configuration list for PBXNativeTarget "Lab" */ = {
			isa = XCConfigurationList;
			buildConfigurations = (
				6F121EEF246609E6002C3536 /* Debug */,
				6F121EF0246609E6002C3536 /* Release */,
			);
			defaultConfigurationIsVisible = 0;
			defaultConfigurationName = Release;
		};
/* End XCConfigurationList section */
	};
	rootObject = 6F121ED2246609E4002C3536 /* Project object */;
}
